
Microsoft Visual Studio Solution File, Format Version 12.00
# Visual Studio Version 16
VisualStudioVersion = 16.0.31613.86
MinimumVisualStudioVersion = 10.0.40219.1
Project("{FAE04EC0-301F-11D3-BF4B-00C04F79EFBC}") = "asp-net-core-user-signin", "asp-net-core-user-signin.csproj", "{93BECE5A-F1BA-4F9D-A5E8-DDEB92E2A70B}"
EndProject
Global
	GlobalSection(SolutionConfigurationPlatforms) = preSolution
		Debug|Any CPU = Debug|Any CPU
		Release|Any CPU = Release|Any CPU
	EndGlobalSection
	GlobalSection(ProjectConfigurationPlatforms) = postSolution
		{93BECE5A-F1BA-4F9D-A5E8-DDEB92E2A70B}.Debug|Any CPU.ActiveCfg = Debug|Any CPU
		{93BECE5A-F1BA-4F9D-A5E8-DDEB92E2A70B}.Debug|Any CPU.Build.0 = Debug|Any CPU
		{93BECE5A-F1BA-4F9D-A5E8-DDEB92E2A70B}.Release|Any CPU.ActiveCfg = Release|Any CPU
		{93BECE5A-F1BA-4F9D-A5E8-DDEB92E2A70B}.Release|Any CPU.Build.0 = Release|Any CPU
	EndGlobalSection
	GlobalSection(SolutionProperties) = preSolution
		HideSolutionNode = FALSE
	EndGlobalSection
	GlobalSection(ExtensibilityGlobals) = postSolution
		SolutionGuid = {FA8FCB44-8020-4C60-AB65-63CA9EB8FBCB}
	EndGlobalSection
EndGlobal
