
Microsoft Visual Studio Solution File, Format Version 12.00
# Visual Studio Version 17
VisualStudioVersion = 17.8.34601.278
MinimumVisualStudioVersion = 10.0.40219.1
Project("{9A19103F-16F7-4668-BE54-9A1E7A4F7556}") = "B2CVerifiedID", "B2CVerifiedID.csproj", "{8DA74CC8-30CD-40B9-AA1D-236131FE01B1}"
EndProject
Global
	GlobalSection(SolutionConfigurationPlatforms) = preSolution
		Debug|Any CPU = Debug|Any CPU
		Release|Any CPU = Release|Any CPU
	EndGlobalSection
	GlobalSection(ProjectConfigurationPlatforms) = postSolution
		{8DA74CC8-30CD-40B9-AA1D-236131FE01B1}.Debug|Any CPU.ActiveCfg = Debug|Any CPU
		{8DA74CC8-30CD-40B9-AA1D-236131FE01B1}.Debug|Any CPU.Build.0 = Debug|Any CPU
		{8DA74CC8-30CD-40B9-AA1D-236131FE01B1}.Release|Any CPU.ActiveCfg = Release|Any CPU
		{8DA74CC8-30CD-40B9-AA1D-236131FE01B1}.Release|Any CPU.Build.0 = Release|Any CPU
	EndGlobalSection
	GlobalSection(SolutionProperties) = preSolution
		HideSolutionNode = FALSE
	EndGlobalSection
	GlobalSection(ExtensibilityGlobals) = postSolution
		SolutionGuid = {E08D1669-618A-4AFC-9195-1724B4787D83}
	EndGlobalSection
EndGlobal
