Microsoft Visual Studio Solution File, Format Version 12.00
# Visual Studio Version 17
VisualStudioVersion = 17.5.2.0
MinimumVisualStudioVersion = 10.0.40219.1
Project("{FAE04EC0-301F-11D3-BF4B-00C04F79EFBC}") = "account-recovery-claim-matching", "account-recovery-claim-matching.csproj", "{30DEDED8-808F-09E9-8582-194838A55EF7}"
EndProject
Global
	GlobalSection(SolutionConfigurationPlatforms) = preSolution
		Debug|Any CPU = Debug|Any CPU
		Release|Any CPU = Release|Any CPU
	EndGlobalSection
	GlobalSection(ProjectConfigurationPlatforms) = postSolution
		{30DEDED8-808F-09E9-8582-194838A55EF7}.Debug|Any CPU.ActiveCfg = Debug|Any CPU
		{30DEDED8-808F-09E9-8582-194838A55EF7}.Debug|Any CPU.Build.0 = Debug|Any CPU
		{30DEDED8-808F-09E9-8582-194838A55EF7}.Release|Any CPU.ActiveCfg = Release|Any CPU
		{30DEDED8-808F-09E9-8582-194838A55EF7}.Release|Any CPU.Build.0 = Release|Any CPU
	EndGlobalSection
	GlobalSection(SolutionProperties) = preSolution
		HideSolutionNode = FALSE
	EndGlobalSection
	GlobalSection(ExtensibilityGlobals) = postSolution
		SolutionGuid = {01168C95-26CA-49D8-840E-F5BF7A5890DD}
	EndGlobalSection
EndGlobal
